[[package]]
name = "attrs"
version = "20.3.0"
description = "Classes Without Boilerplate"
category = "main"
optional = false
python-versions = ">=2.7, !=3.0.*, !=3.1.*, !=3.2.*, !=3.3.*"

[package.extras]
dev = ["coverage[toml] (>=5.0.2)", "hypothesis", "pympler", "pytest (>=4.3.0)", "six", "zope.interface", "furo", "sphinx", "pre-commit"]
docs = ["furo", "sphinx", "zope.interface"]
tests = ["coverage[toml] (>=5.0.2)", "hypothesis", "pympler", "pytest (>=4.3.0)", "six", "zope.interface"]
tests_no_zope = ["coverage[toml] (>=5.0.2)", "hypothesis", "pympler", "pytest (>=4.3.0)", "six"]

[[package]]
name = "base58"
version = "2.1.0"
description = "Base58 and Base58Check implementation."
category = "main"
optional = false
python-versions = ">=3.5"

[package.extras]
tests = ["pytest (>=4.6)", "pytest-flake8", "pytest-cov", "PyHamcrest (>=2.0.2)", "coveralls", "pytest-benchmark"]

[[package]]
name = "bitarray"
version = "1.2.2"
description = "efficient arrays of booleans -- C extension"
category = "main"
optional = false
python-versions = "*"

[[package]]
name = "certifi"
version = "2020.12.5"
description = "Python package for providing Mozilla's CA Bundle."
category = "main"
optional = false
python-versions = "*"

[[package]]
name = "chardet"
version = "4.0.0"
description = "Universal encoding detector for Python 2 and 3"
category = "main"
optional = false
python-versions = ">=2.7, !=3.0.*, !=3.1.*, !=3.2.*, !=3.3.*, !=3.4.*"

[[package]]
name = "cytoolz"
version = "0.11.0"
description = "Cython implementation of Toolz: High performance functional utilities"
category = "main"
optional = false
python-versions = "*"

[package.dependencies]
toolz = ">=0.8.0"

[package.extras]
cython = ["cython"]

[[package]]
name = "eth-abi"
version = "2.1.1"
description = "eth_abi: Python utilities for working with Ethereum ABI definitions, especially encoding and decoding"
category = "main"
optional = false
python-versions = ">=3.6, <4"

[package.dependencies]
eth-typing = ">=2.0.0,<3.0.0"
eth-utils = ">=1.2.0,<2.0.0"
parsimonious = ">=0.8.0,<0.9.0"

[package.extras]
dev = ["bumpversion (>=0.5.3,<1)", "pytest-watch (>=4.1.0,<5)", "wheel", "twine", "ipython", "pytest (==4.4.1)", "pytest-pythonpath (>=0.7.1)", "pytest-xdist (==1.22.3)", "tox (>=2.9.1,<3)", "eth-hash", "hypothesis (>=3.6.1,<4)", "flake8 (==3.4.1)", "isort (>=4.2.15,<5)", "mypy (==0.701)", "pydocstyle (>=3.0.0,<4)", "Sphinx (>=1.6.5,<2)", "sphinx-rtd-theme (>=0.1.9)", "towncrier (>=19.2.0,<20)"]
doc = ["Sphinx (>=1.6.5,<2)", "sphinx-rtd-theme (>=0.1.9)", "towncrier (>=19.2.0,<20)"]
lint = ["flake8 (==3.4.1)", "isort (>=4.2.15,<5)", "mypy (==0.701)", "pydocstyle (>=3.0.0,<4)"]
test = ["pytest (==4.4.1)", "pytest-pythonpath (>=0.7.1)", "pytest-xdist (==1.22.3)", "tox (>=2.9.1,<3)", "eth-hash", "hypothesis (>=3.6.1,<4)"]
tools = ["hypothesis (>=3.6.1,<4)"]

[[package]]
name = "eth-account"
version = "0.5.4"
description = "eth-account: Sign Ethereum transactions and messages with local private keys"
category = "main"
optional = false
python-versions = ">=3.6, <4"

[package.dependencies]
bitarray = ">=1.2.1,<1.3.0"
eth-abi = ">=2.0.0b7,<3"
eth-keyfile = ">=0.5.0,<0.6.0"
eth-keys = ">=0.2.1,<0.3.2 || >0.3.2,<0.4.0"
eth-rlp = ">=0.1.2,<2"
eth-utils = ">=1.3.0,<2"
hexbytes = ">=0.1.0,<1"
rlp = ">=1.0.0,<3"

[package.extras]
dev = ["Sphinx (>=1.6.5,<2)", "bumpversion (>=0.5.3,<1)", "flake8 (==3.7.9)", "hypothesis (>=4.18.0,<5)", "ipython", "isort (>=4.2.15,<5)", "mypy (==0.701)", "pydocstyle (>=3.0.0,<4)", "pytest-watch (>=4.1.0,<5)", "pytest-xdist", "pytest (>=4.4.0,<5)", "sphinx-rtd-theme (>=0.1.9)", "towncrier (>=19.2.0,<20)", "tox (>=2.9.1,<3)", "twine", "wheel"]
doc = ["Sphinx (>=1.6.5,<2)", "sphinx-rtd-theme (>=0.1.9)", "towncrier (>=19.2.0,<20)"]
lint = ["flake8 (==3.7.9)", "isort (>=4.2.15,<5)", "mypy (==0.701)", "pydocstyle (>=3.0.0,<4)"]
test = ["hypothesis (>=4.18.0,<5)", "pytest-xdist", "pytest (>=4.4.0,<5)", "tox (>=2.9.1,<3)"]

[[package]]
name = "eth-hash"
version = "0.3.1"
description = "eth-hash: The Ethereum hashing function, keccak256, sometimes (erroneously) called sha3"
category = "main"
optional = false
python-versions = ">=3.5, <4"

[package.dependencies]
eth-utils = ">=1,<2"
pycryptodome = {version = ">=3.6.6,<4", optional = true, markers = "extra == \"pycryptodome\""}

[package.extras]
dev = ["bumpversion (>=0.5.3,<1)", "pytest-watch (>=4.1.0,<5)", "wheel", "twine", "ipython", "pytest (==5.4.1)", "pytest-xdist", "tox (==3.14.6)", "flake8 (==3.7.9)", "isort (>=4.2.15,<5)", "mypy (==0.770)", "pydocstyle (>=5.0.0,<6)", "Sphinx (>=1.6.5,<2)", "sphinx-rtd-theme (>=0.1.9,<1)", "towncrier (>=19.2.0,<20)"]
doc = ["Sphinx (>=1.6.5,<2)", "sphinx-rtd-theme (>=0.1.9,<1)", "towncrier (>=19.2.0,<20)"]
lint = ["flake8 (==3.7.9)", "isort (>=4.2.15,<5)", "mypy (==0.770)", "pydocstyle (>=5.0.0,<6)"]
pycryptodome = ["pycryptodome (>=3.6.6,<4)"]
pysha3 = ["pysha3 (>=1.0.0,<2.0.0)"]
test = ["pytest (==5.4.1)", "pytest-xdist", "tox (==3.14.6)"]

[[package]]
name = "eth-keyfile"
version = "0.5.1"
description = "A library for handling the encrypted keyfiles used to store ethereum private keys."
category = "main"
optional = false
python-versions = "*"

[package.dependencies]
cytoolz = ">=0.9.0,<1.0.0"
eth-keys = ">=0.1.0-beta.4,<1.0.0"
eth-utils = ">=1.0.0-beta.1,<2.0.0"
pycryptodome = ">=3.4.7,<4.0.0"

[[package]]
name = "eth-keys"
version = "0.3.3"
description = "Common API for Ethereum key operations."
category = "main"
optional = false
python-versions = "*"

[package.dependencies]
eth-typing = ">=2.2.1,<3.0.0"
eth-utils = ">=1.3.0,<2.0.0"

[package.extras]
coincurve = ["coincurve (>=7.0.0,<13.0.0)"]
dev = ["tox (==2.7.0)", "bumpversion (==0.5.3)", "twine", "eth-utils (>=1.3.0,<2.0.0)", "eth-typing (>=2.2.1,<3.0.0)", "flake8 (==3.0.4)", "mypy (==0.701)", "asn1tools (>=0.146.2,<0.147)", "pyasn1 (>=0.4.5,<0.5)", "pytest (==3.2.2)", "hypothesis (>=4.56.1,<5.0.0)", "eth-hash", "eth-hash"]
eth-keys = ["eth-utils (>=1.3.0,<2.0.0)", "eth-typing (>=2.2.1,<3.0.0)"]
lint = ["flake8 (==3.0.4)", "mypy (==0.701)"]
test = ["asn1tools (>=0.146.2,<0.147)", "pyasn1 (>=0.4.5,<0.5)", "pytest (==3.2.2)", "hypothesis (>=4.56.1,<5.0.0)", "eth-hash", "eth-hash"]

[[package]]
name = "eth-rlp"
version = "0.2.1"
description = "eth-rlp: RLP definitions for common Ethereum objects in Python"
category = "main"
optional = false
python-versions = ">=3.6, <4"

[package.dependencies]
eth-utils = ">=1.0.1,<2"
hexbytes = ">=0.1.0,<1"
rlp = ">=0.6.0,<3"

[package.extras]
dev = ["Sphinx (>=1.6.5,<2)", "bumpversion (>=0.5.3,<1)", "eth-hash", "flake8 (==3.7.9)", "ipython", "isort (>=4.2.15,<5)", "mypy (==0.770)", "pydocstyle (>=3.0.0,<4)", "pytest-watch (>=4.1.0,<5)", "pytest-xdist", "pytest (==5.4.1)", "sphinx-rtd-theme (>=0.1.9)", "towncrier (>=19.2.0,<20)", "tox (==3.14.6)", "twine", "wheel"]
doc = ["Sphinx (>=1.6.5,<2)", "sphinx-rtd-theme (>=0.1.9)", "towncrier (>=19.2.0,<20)"]
lint = ["flake8 (==3.7.9)", "isort (>=4.2.15,<5)", "mypy (==0.770)", "pydocstyle (>=3.0.0,<4)"]
test = ["eth-hash", "pytest-xdist", "pytest (==5.4.1)", "tox (==3.14.6)"]

[[package]]
name = "eth-typing"
version = "2.2.2"
description = "eth-typing: Common type annotations for ethereum python packages"
category = "main"
optional = false
python-versions = ">=3.5, <4"

[package.extras]
dev = ["bumpversion (>=0.5.3,<1)", "pytest-watch (>=4.1.0,<5)", "wheel", "twine", "ipython", "pytest (>=4.4,<4.5)", "pytest-xdist", "tox (>=2.9.1,<3)", "flake8 (==3.8.3)", "isort (>=4.2.15,<5)", "mypy (==0.782)", "pydocstyle (>=3.0.0,<4)", "Sphinx (>=1.6.5,<2)", "sphinx-rtd-theme (>=0.1.9)"]
doc = ["Sphinx (>=1.6.5,<2)", "sphinx-rtd-theme (>=0.1.9)"]
lint = ["flake8 (==3.8.3)", "isort (>=4.2.15,<5)", "mypy (==0.782)", "pydocstyle (>=3.0.0,<4)"]
test = ["pytest (>=4.4,<4.5)", "pytest-xdist", "tox (>=2.9.1,<3)"]

[[package]]
name = "eth-utils"
version = "1.10.0"
description = "eth-utils: Common utility functions for python code that interacts with Ethereum"
category = "main"
optional = false
python-versions = ">=3.5,!=3.5.2,<4"

[package.dependencies]
cytoolz = {version = ">=0.10.1,<1.0.0", markers = "implementation_name == \"cpython\""}
eth-hash = ">=0.3.1,<0.4.0"
eth-typing = ">=2.2.1,<3.0.0"
toolz = {version = ">0.8.2,<1", markers = "implementation_name == \"pypy\""}

[package.extras]
dev = ["bumpversion (>=0.5.3,<1)", "pytest-watch (>=4.1.0,<5)", "wheel (>=0.30.0,<1.0.0)", "twine (>=1.13,<2)", "ipython", "hypothesis (>=4.43.0,<5.0.0)", "pytest (==5.4.1)", "pytest-xdist", "tox (==3.14.6)", "black (>=18.6b4,<19)", "flake8 (==3.7.9)", "isort (>=4.2.15,<5)", "mypy (==0.720)", "pydocstyle (>=5.0.0,<6)", "pytest (>=3.4.1,<4.0.0)", "Sphinx (>=1.6.5,<2)", "sphinx-rtd-theme (>=0.1.9,<2)", "towncrier (>=19.2.0,<20)"]
doc = ["Sphinx (>=1.6.5,<2)", "sphinx-rtd-theme (>=0.1.9,<2)", "towncrier (>=19.2.0,<20)"]
lint = ["black (>=18.6b4,<19)", "flake8 (==3.7.9)", "isort (>=4.2.15,<5)", "mypy (==0.720)", "pydocstyle (>=5.0.0,<6)", "pytest (>=3.4.1,<4.0.0)"]
test = ["hypothesis (>=4.43.0,<5.0.0)", "pytest (==5.4.1)", "pytest-xdist", "tox (==3.14.6)"]

[[package]]
name = "hexbytes"
version = "0.2.1"
description = "hexbytes: Python `bytes` subclass that decodes hex, with a readable console output"
category = "main"
optional = false
python-versions = ">=3.6, <4"

[package.extras]
dev = ["bumpversion (>=0.5.3,<1)", "pytest-watch (>=4.1.0,<5)", "wheel", "twine", "ipython", "pytest (==5.4.1)", "pytest-xdist", "tox (==3.14.6)", "hypothesis (>=3.44.24,<4)", "eth-utils (>=1.0.1,<2)", "flake8 (==3.7.9)", "isort (>=4.2.15,<5)", "mypy (==0.770)", "pydocstyle (>=3.0.0,<4)", "Sphinx (>=1.6.5,<2)", "sphinx-rtd-theme (>=0.1.9)", "towncrier (>=19.2.0,<20)"]
doc = ["Sphinx (>=1.6.5,<2)", "sphinx-rtd-theme (>=0.1.9)", "towncrier (>=19.2.0,<20)"]
lint = ["flake8 (==3.7.9)", "isort (>=4.2.15,<5)", "mypy (==0.770)", "pydocstyle (>=3.0.0,<4)"]
test = ["pytest (==5.4.1)", "pytest-xdist", "tox (==3.14.6)", "hypothesis (>=3.44.24,<4)", "eth-utils (>=1.0.1,<2)"]

[[package]]
name = "idna"
version = "2.10"
description = "Internationalized Domain Names in Applications (IDNA)"
category = "main"
optional = false
python-versions = ">=2.7, !=3.0.*, !=3.1.*, !=3.2.*, !=3.3.*"

[[package]]
name = "ipfshttpclient"
version = "0.7.0a1"
description = "Python IPFS HTTP CLIENT library"
category = "main"
optional = false
python-versions = ">=3.5.4,!=3.6.0,!=3.6.1,!=3.7.0,!=3.7.1"

[package.dependencies]
multiaddr = ">=0.0.7"
requests = ">=2.11"

[[package]]
name = "jsonschema"
version = "3.2.0"
description = "An implementation of JSON Schema validation for Python"
category = "main"
optional = false
python-versions = "*"

[package.dependencies]
attrs = ">=17.4.0"
pyrsistent = ">=0.14.0"
six = ">=1.11.0"

[package.extras]
format = ["idna", "jsonpointer (>1.13)", "rfc3987", "strict-rfc3339", "webcolors"]
format_nongpl = ["idna", "jsonpointer (>1.13)", "webcolors", "rfc3986-validator (>0.1.0)", "rfc3339-validator"]

[[package]]
name = "lru-dict"
version = "1.1.7"
description = "An Dict like LRU container."
category = "main"
optional = false
python-versions = "*"

[[package]]
name = "multiaddr"
version = "0.0.9"
description = "Python implementation of jbenet's multiaddr"
category = "main"
optional = false
python-versions = ">=2.7,!=3.0.*,!=3.1.*,!=3.2.*,!=3.3.*"

[package.dependencies]
base58 = "*"
netaddr = "*"
six = "*"
varint = "*"

[[package]]
name = "netaddr"
version = "0.8.0"
description = "A network address manipulation library for Python"
category = "main"
optional = false
python-versions = "*"

[[package]]
name = "parsimonious"
version = "0.8.1"
description = "(Soon to be) the fastest pure-Python PEG parser I could muster"
category = "main"
optional = false
python-versions = "*"

[package.dependencies]
six = ">=1.9.0"

[[package]]
name = "protobuf"
version = "3.14.0"
description = "Protocol Buffers"
category = "main"
optional = false
python-versions = "*"

[package.dependencies]
six = ">=1.9"

[[package]]
name = "pycryptodome"
version = "3.10.1"
description = "Cryptographic library for Python"
category = "main"
optional = false
python-versions = ">=2.7, !=3.0.*, !=3.1.*, !=3.2.*, !=3.3.*, !=3.4.*"

[[package]]
name = "pypiwin32"
version = "223"
description = ""
category = "main"
optional = false
python-versions = "*"

[package.dependencies]
pywin32 = ">=223"

[[package]]
name = "pyrsistent"
version = "0.17.3"
description = "Persistent/Functional/Immutable data structures"
category = "main"
optional = false
python-versions = ">=3.5"

[[package]]
name = "pywin32"
version = "300"
description = "Python for Window Extensions"
category = "main"
optional = false
python-versions = "*"

[[package]]
name = "requests"
version = "2.25.1"
description = "Python HTTP for Humans."
category = "main"
optional = false
python-versions = ">=2.7, !=3.0.*, !=3.1.*, !=3.2.*, !=3.3.*, !=3.4.*"

[package.dependencies]
certifi = ">=2017.4.17"
chardet = ">=3.0.2,<5"
idna = ">=2.5,<3"
urllib3 = ">=1.21.1,<1.27"

[package.extras]
security = ["pyOpenSSL (>=0.14)", "cryptography (>=1.3.4)"]
socks = ["PySocks (>=1.5.6,!=1.5.7)", "win-inet-pton"]

[[package]]
name = "rlp"
version = "2.0.1"
description = "A package for Recursive Length Prefix encoding and decoding"
category = "main"
optional = false
python-versions = "*"

[package.dependencies]
eth-utils = ">=1.0.2,<2"

[package.extras]
dev = ["Sphinx (>=1.6.5,<2)", "bumpversion (>=0.5.3,<1)", "flake8 (==3.4.1)", "hypothesis (==5.19.0)", "ipython", "pytest-watch (>=4.1.0,<5)", "pytest-xdist", "pytest (==5.4.3)", "setuptools (>=36.2.0)", "sphinx-rtd-theme (>=0.1.9)", "tox (>=2.9.1,<3)", "twine", "wheel"]
doc = ["Sphinx (>=1.6.5,<2)", "sphinx-rtd-theme (>=0.1.9)"]
lint = ["flake8 (==3.4.1)"]
rust-backend = ["rusty-rlp (>=0.1.15,<0.2)"]
test = ["hypothesis (==5.19.0)", "pytest (==5.4.3)", "tox (>=2.9.1,<3)"]

[[package]]
name = "six"
version = "1.15.0"
description = "Python 2 and 3 compatibility utilities"
category = "main"
optional = false
python-versions = ">=2.7, !=3.0.*, !=3.1.*, !=3.2.*"

[[package]]
name = "toolz"
version = "0.11.1"
description = "List processing tools and functional utilities"
category = "main"
optional = false
python-versions = ">=3.5"

[[package]]
name = "urllib3"
version = "1.26.3"
description = "HTTP library with thread-safe connection pooling, file post, and more."
category = "main"
optional = false
python-versions = ">=2.7, !=3.0.*, !=3.1.*, !=3.2.*, !=3.3.*, !=3.4.*, <4"

[package.extras]
brotli = ["brotlipy (>=0.6.0)"]
secure = ["pyOpenSSL (>=0.14)", "cryptography (>=1.3.4)", "idna (>=2.0.0)", "certifi", "ipaddress"]
socks = ["PySocks (>=1.5.6,!=1.5.7,<2.0)"]

[[package]]
name = "varint"
version = "1.0.2"
description = "Simple python varint implementation"
category = "main"
optional = false
python-versions = "*"

[[package]]
name = "web3"
version = "5.16.0"
description = "Web3.py"
category = "main"
optional = false
python-versions = ">=3.6,<4"

[package.dependencies]
eth-abi = ">=2.0.0b6,<3.0.0"
eth-account = ">=0.5.3,<0.6.0"
eth-hash = {version = ">=0.2.0,<1.0.0", extras = ["pycryptodome"]}
eth-typing = ">=2.0.0,<3.0.0"
eth-utils = ">=1.9.5,<2.0.0"
hexbytes = ">=0.1.0,<1.0.0"
ipfshttpclient = "0.7.0a1"
jsonschema = ">=3.2.0,<4.0.0"
lru-dict = ">=1.1.6,<2.0.0"
protobuf = ">=3.10.0,<4"
pypiwin32 = {version = ">=223", markers = "platform_system == \"Windows\""}
requests = ">=2.16.0,<3.0.0"
websockets = ">=8.1.0,<9.0.0"

[package.extras]
dev = ["eth-tester[py-evm] (==v0.5.0-beta.3)", "py-geth (>=2.4.0,<3)", "flake8 (==3.8.3)", "isort (>=4.2.15,<4.3.5)", "mypy (==0.730)", "mock", "sphinx-better-theme (>=0.1.4)", "click (>=5.1)", "configparser (==3.5.0)", "contextlib2 (>=0.5.4)", "py-solc (>=0.4.0)", "pytest (>=4.4.0,<5.0.0)", "sphinx (>=2.4.4,<3)", "sphinx-rtd-theme (>=0.1.9)", "toposort (>=1.4)", "towncrier (>=19.2.0,<20)", "urllib3", "web3 (>=2.1.0)", "wheel", "bumpversion", "flaky (>=3.3.0)", "hypothesis (>=3.31.2,<6)", "pytest-asyncio (>=0.10.0,<0.11)", "pytest-mock (>=1.10,<2)", "pytest-pythonpath (>=0.3)", "pytest-watch (>=4.2,<5)", "pytest-xdist (>=1.29,<2)", "setuptools (>=38.6.0)", "tox (>=1.8.0)", "tqdm (>4.32,<5)", "twine (>=1.13,<2)", "when-changed (>=0.3.0,<0.4)"]
docs = ["mock", "sphinx-better-theme (>=0.1.4)", "click (>=5.1)", "configparser (==3.5.0)", "contextlib2 (>=0.5.4)", "py-geth (>=2.4.0,<3)", "py-solc (>=0.4.0)", "pytest (>=4.4.0,<5.0.0)", "sphinx (>=2.4.4,<3)", "sphinx-rtd-theme (>=0.1.9)", "toposort (>=1.4)", "towncrier (>=19.2.0,<20)", "urllib3", "web3 (>=2.1.0)", "wheel"]
linter = ["flake8 (==3.8.3)", "isort (>=4.2.15,<4.3.5)", "mypy (==0.730)"]
tester = ["eth-tester[py-evm] (==v0.5.0-beta.3)", "py-geth (>=2.4.0,<3)"]

[[package]]
name = "websockets"
version = "8.1"
description = "An implementation of the WebSocket Protocol (RFC 6455 & 7692)"
category = "main"
optional = false
python-versions = ">=3.6.1"

[metadata]
lock-version = "1.1"
python-versions = "^3.9"
content-hash = "669e37a2109c3d5afaf18ab9fb52c8edb96c78665f73ee5acc2d97a15180d945"

[metadata.files]
attrs = [
    {file = "attrs-20.3.0-py2.py3-none-any.whl", hash = "sha256:31b2eced602aa8423c2aea9c76a724617ed67cf9513173fd3a4f03e3a929c7e6"},
    {file = "attrs-20.3.0.tar.gz", hash = "sha256:832aa3cde19744e49938b91fea06d69ecb9e649c93ba974535d08ad92164f700"},
]
base58 = [
    {file = "base58-2.1.0-py3-none-any.whl", hash = "sha256:8225891d501b68c843ffe30b86371f844a21c6ba00da76f52f9b998ba771fb48"},
    {file = "base58-2.1.0.tar.gz", hash = "sha256:171a547b4a3c61e1ae3807224a6f7aec75e364c4395e7562649d7335768001a2"},
]
bitarray = [
    {file = "bitarray-1.2.2.tar.gz", hash = "sha256:27a69ffcee3b868abab3ce8b17c69e02b63e722d4d64ffd91d659f81e9984954"},
]
certifi = [
    {file = "certifi-2020.12.5-py2.py3-none-any.whl", hash = "sha256:719a74fb9e33b9bd44cc7f3a8d94bc35e4049deebe19ba7d8e108280cfd59830"},
    {file = "certifi-2020.12.5.tar.gz", hash = "sha256:1a4995114262bffbc2413b159f2a1a480c969de6e6eb13ee966d470af86af59c"},
]
chardet = [
    {file = "chardet-4.0.0-py2.py3-none-any.whl", hash = "sha256:f864054d66fd9118f2e67044ac8981a54775ec5b67aed0441892edb553d21da5"},
    {file = "chardet-4.0.0.tar.gz", hash = "sha256:0d6f53a15db4120f2b08c94f11e7d93d2c911ee118b6b30a04ec3ee8310179fa"},
]
cytoolz = [
    {file = "cytoolz-0.11.0.tar.gz", hash = "sha256:c64f3590c3eb40e1548f0d3c6b2ccde70493d0b8dc6cc7f9f3fec0bb3dcd4222"},
]
eth-abi = [
    {file = "eth_abi-2.1.1-py3-none-any.whl", hash = "sha256:78df5d2758247a8f0766a7cfcea4575bcfe568c34a33e6d05a72c328a9040444"},
    {file = "eth_abi-2.1.1.tar.gz", hash = "sha256:4bb1d87bb6605823379b07f6c02c8af45df01a27cc85bd6abb7cf1446ce7d188"},
]
eth-account = [
    {file = "eth-account-0.5.4.tar.gz", hash = "sha256:0c63d4955acb16a46ec50b2cfb84386e9b029868a68430a918775415560aef57"},
    {file = "eth_account-0.5.4-py3-none-any.whl", hash = "sha256:c1f6ad81c04858996ca2bd8ee362cb5faab846c20afafd961acd1eac73b40331"},
]
eth-hash = [
    {file = "eth-hash-0.3.1.tar.gz", hash = "sha256:aee46d9c43b98ac6d4ddf957cf75d4d0a5174ee814cc6b53dd6134dcedb459bf"},
    {file = "eth_hash-0.3.1-py3-none-any.whl", hash = "sha256:a3bc7f1c12eb086525999de7f83b9e7ad39740b31f0f4eccb17377ed70de24dd"},
]
eth-keyfile = [
    {file = "eth-keyfile-0.5.1.tar.gz", hash = "sha256:939540efb503380bc30d926833e6a12b22c6750de80feef3720d79e5a79de47d"},
    {file = "eth_keyfile-0.5.1-py3-none-any.whl", hash = "sha256:70d734af17efdf929a90bb95375f43522be4ed80c3b9e0a8bca575fb11cd1159"},
]
eth-keys = [
    {file = "eth-keys-0.3.3.tar.gz", hash = "sha256:a9a1e83e443bd369265b1a1b66dc30f6841bdbb3577ecd042e037b7b405b6cb0"},
    {file = "eth_keys-0.3.3-py3-none-any.whl", hash = "sha256:412dd5c9732b8e92af40c9c77597f4661c57eba3897aaa55e527af56a8c5ab47"},
]
eth-rlp = [
    {file = "eth-rlp-0.2.1.tar.gz", hash = "sha256:f016f980b0ed42ee7650ba6e4e4d3c4e9aa06d8b9c6825a36d3afe5aa0187a8b"},
    {file = "eth_rlp-0.2.1-py3-none-any.whl", hash = "sha256:cc389ef8d7b6f76a98f90bcdbff1b8684b3a78f53d47e871191b50d4d6aee5a1"},
]
eth-typing = [
    {file = "eth-typing-2.2.2.tar.gz", hash = "sha256:97ba0f83da7cf1d3668f6ed54983f21168076c552762bf5e06d4a20921877f3f"},
    {file = "eth_typing-2.2.2-py3-none-any.whl", hash = "sha256:1140c7592321dbf10d6663c46f7e43eb0e6410b011b03f14b3df3eb1f76aa9bb"},
]
eth-utils = [
    {file = "eth-utils-1.10.0.tar.gz", hash = "sha256:bf82762a46978714190b0370265a7148c954d3f0adaa31c6f085ea375e4c61af"},
    {file = "eth_utils-1.10.0-py3-none-any.whl", hash = "sha256:74240a8c6f652d085ed3c85f5f1654203d2f10ff9062f83b3bad0a12ff321c7a"},
]
hexbytes = [
    {file = "hexbytes-0.2.1-py3-none-any.whl", hash = "sha256:a093a5533aa63ca6614246fa97feb693b5813f9e736c38b68fe4e2d8fcc35aa5"},
    {file = "hexbytes-0.2.1.tar.gz", hash = "sha256:123fcf397f52fc7eb34f43ca9a7930a6acfebcabe8ffaef6c7d3520c2356345a"},
]
idna = [
    {file = "idna-2.10-py2.py3-none-any.whl", hash = "sha256:b97d804b1e9b523befed77c48dacec60e6dcb0b5391d57af6a65a312a90648c0"},
    {file = "idna-2.10.tar.gz", hash = "sha256:b307872f855b18632ce0c21c5e45be78c0ea7ae4c15c828c20788b26921eb3f6"},
]
ipfshttpclient = [
    {file = "ipfshttpclient-0.7.0a1-py3-none-any.whl", hash = "sha256:a45fb0ef087d71647c77b02e0cb3a033045377f134971dfcdc1c6f21cd8ad87c"},
    {file = "ipfshttpclient-0.7.0a1.tar.gz", hash = "sha256:ada7d7c40879ebf8a736c1ff7c690ddb574a120c2226dc982d44156408de426a"},
]
jsonschema = [
    {file = "jsonschema-3.2.0-py2.py3-none-any.whl", hash = "sha256:4e5b3cf8216f577bee9ce139cbe72eca3ea4f292ec60928ff24758ce626cd163"},
    {file = "jsonschema-3.2.0.tar.gz", hash = "sha256:c8a85b28d377cc7737e46e2d9f2b4f44ee3c0e1deac6bf46ddefc7187d30797a"},
]
lru-dict = [
    {file = "lru-dict-1.1.7.tar.gz", hash = "sha256:45b81f67d75341d4433abade799a47e9c42a9e22a118531dcb5e549864032d7c"},
]
multiaddr = [
    {file = "multiaddr-0.0.9-py2.py3-none-any.whl", hash = "sha256:5c0f862cbcf19aada2a899f80ef896ddb2e85614e0c8f04dd287c06c69dac95b"},
    {file = "multiaddr-0.0.9.tar.gz", hash = "sha256:30b2695189edc3d5b90f1c303abb8f02d963a3a4edf2e7178b975eb417ab0ecf"},
]
netaddr = [
    {file = "netaddr-0.8.0-py2.py3-none-any.whl", hash = "sha256:9666d0232c32d2656e5e5f8d735f58fd6c7457ce52fc21c98d45f2af78f990ac"},
    {file = "netaddr-0.8.0.tar.gz", hash = "sha256:d6cc57c7a07b1d9d2e917aa8b36ae8ce61c35ba3fcd1b83ca31c5a0ee2b5a243"},
]
parsimonious = [
    {file = "parsimonious-0.8.1.tar.gz", hash = "sha256:3add338892d580e0cb3b1a39e4a1b427ff9f687858fdd61097053742391a9f6b"},
]
protobuf = [
    {file = "protobuf-3.14.0-cp27-cp27m-macosx_10_9_x86_64.whl", hash = "sha256:629b03fd3caae7f815b0c66b41273f6b1900a579e2ccb41ef4493a4f5fb84f3a"},
    {file = "protobuf-3.14.0-cp27-cp27mu-manylinux1_x86_64.whl", hash = "sha256:5b7a637212cc9b2bcf85dd828b1178d19efdf74dbfe1ddf8cd1b8e01fdaaa7f5"},
    {file = "protobuf-3.14.0-cp35-cp35m-macosx_10_9_intel.whl", hash = "sha256:43b554b9e73a07ba84ed6cf25db0ff88b1e06be610b37656e292e3cbb5437472"},
    {file = "protobuf-3.14.0-cp35-cp35m-manylinux1_x86_64.whl", hash = "sha256:5e9806a43232a1fa0c9cf5da8dc06f6910d53e4390be1fa06f06454d888a9142"},
    {file = "protobuf-3.14.0-cp35-cp35m-win32.whl", hash = "sha256:1c51fda1bbc9634246e7be6016d860be01747354ed7015ebe38acf4452f470d2"},
    {file = "protobuf-3.14.0-cp35-cp35m-win_amd64.whl", hash = "sha256:4b74301b30513b1a7494d3055d95c714b560fbb630d8fb9956b6f27992c9f980"},
    {file = "protobuf-3.14.0-cp36-cp36m-macosx_10_9_x86_64.whl", hash = "sha256:86a75477addde4918e9a1904e5c6af8d7b691f2a3f65587d73b16100fbe4c3b2"},
    {file = "protobuf-3.14.0-cp36-cp36m-manylinux1_x86_64.whl", hash = "sha256:ecc33531a213eee22ad60e0e2aaea6c8ba0021f0cce35dbf0ab03dee6e2a23a1"},
    {file = "protobuf-3.14.0-cp36-cp36m-win32.whl", hash = "sha256:72230ed56f026dd664c21d73c5db73ebba50d924d7ba6b7c0d81a121e390406e"},
    {file = "protobuf-3.14.0-cp36-cp36m-win_amd64.whl", hash = "sha256:0fc96785262042e4863b3f3b5c429d4636f10d90061e1840fce1baaf59b1a836"},
    {file = "protobuf-3.14.0-cp37-cp37m-macosx_10_9_x86_64.whl", hash = "sha256:4e75105c9dfe13719b7293f75bd53033108f4ba03d44e71db0ec2a0e8401eafd"},
    {file = "protobuf-3.14.0-cp37-cp37m-manylinux1_x86_64.whl", hash = "sha256:2a7e2fe101a7ace75e9327b9c946d247749e564a267b0515cf41dfe450b69bac"},
    {file = "protobuf-3.14.0-cp37-cp37m-win32.whl", hash = "sha256:b0d5d35faeb07e22a1ddf8dce620860c8fe145426c02d1a0ae2688c6e8ede36d"},
    {file = "protobuf-3.14.0-cp37-cp37m-win_amd64.whl", hash = "sha256:8971c421dbd7aad930c9bd2694122f332350b6ccb5202a8b7b06f3f1a5c41ed5"},
    {file = "protobuf-3.14.0-cp38-cp38-macosx_10_9_x86_64.whl", hash = "sha256:9616f0b65a30851e62f1713336c931fcd32c057202b7ff2cfbfca0fc7d5e3043"},
    {file = "protobuf-3.14.0-cp38-cp38-manylinux1_x86_64.whl", hash = "sha256:22bcd2e284b3b1d969c12e84dc9b9a71701ec82d8ce975fdda19712e1cfd4e00"},
    {file = "protobuf-3.14.0-py2.py3-none-any.whl", hash = "sha256:0e247612fadda953047f53301a7b0407cb0c3cb4ae25a6fde661597a04039b3c"},
    {file = "protobuf-3.14.0.tar.gz", hash = "sha256:1d63eb389347293d8915fb47bee0951c7b5dab522a4a60118b9a18f33e21f8ce"},
]
pycryptodome = [
    {file = "pycryptodome-3.10.1-cp27-cp27m-macosx_10_9_x86_64.whl", hash = "sha256:1c5e1ca507de2ad93474be5cfe2bfa76b7cf039a1a32fc196f40935944871a06"},
    {file = "pycryptodome-3.10.1-cp27-cp27m-manylinux1_i686.whl", hash = "sha256:6260e24d41149268122dd39d4ebd5941e9d107f49463f7e071fd397e29923b0c"},
    {file = "pycryptodome-3.10.1-cp27-cp27m-manylinux1_x86_64.whl", hash = "sha256:3f840c49d38986f6e17dbc0673d37947c88bc9d2d9dba1c01b979b36f8447db1"},
    {file = "pycryptodome-3.10.1-cp27-cp27m-manylinux2010_i686.whl", hash = "sha256:2dea65df54349cdfa43d6b2e8edb83f5f8d6861e5cf7b1fbc3e34c5694c85e27"},
    {file = "pycryptodome-3.10.1-cp27-cp27m-manylinux2010_x86_64.whl", hash = "sha256:e61e363d9a5d7916f3a4ce984a929514c0df3daf3b1b2eb5e6edbb131ee771cf"},
    {file = "pycryptodome-3.10.1-cp27-cp27m-manylinux2014_aarch64.whl", hash = "sha256:2603c98ae04aac675fefcf71a6c87dc4bb74a75e9071ae3923bbc91a59f08d35"},
    {file = "pycryptodome-3.10.1-cp27-cp27m-win32.whl", hash = "sha256:38661348ecb71476037f1e1f553159b80d256c00f6c0b00502acac891f7116d9"},
    {file = "pycryptodome-3.10.1-cp27-cp27m-win_amd64.whl", hash = "sha256:1723ebee5561628ce96748501cdaa7afaa67329d753933296321f0be55358dce"},
    {file = "pycryptodome-3.10.1-cp27-cp27mu-manylinux1_i686.whl", hash = "sha256:77997519d8eb8a4adcd9a47b9cec18f9b323e296986528186c0e9a7a15d6a07e"},
    {file = "pycryptodome-3.10.1-cp27-cp27mu-manylinux1_x86_64.whl", hash = "sha256:99b2f3fc51d308286071d0953f92055504a6ffe829a832a9fc7a04318a7683dd"},
    {file = "pycryptodome-3.10.1-cp27-cp27mu-manylinux2010_i686.whl", hash = "sha256:e0a4d5933a88a2c98bbe19c0c722f5483dc628d7a38338ac2cb64a7dbd34064b"},
    {file = "pycryptodome-3.10.1-cp27-cp27mu-manylinux2010_x86_64.whl", hash = "sha256:d3d6958d53ad307df5e8469cc44474a75393a434addf20ecd451f38a72fe29b8"},
    {file = "pycryptodome-3.10.1-cp27-cp27mu-manylinux2014_aarch64.whl", hash = "sha256:a8eb8b6ea09ec1c2535bf39914377bc8abcab2c7d30fa9225eb4fe412024e427"},
    {file = "pycryptodome-3.10.1-cp35-abi3-macosx_10_9_x86_64.whl", hash = "sha256:31c1df17b3dc5f39600a4057d7db53ac372f492c955b9b75dd439f5d8b460129"},
    {file = "pycryptodome-3.10.1-cp35-abi3-manylinux1_i686.whl", hash = "sha256:a3105a0eb63eacf98c2ecb0eb4aa03f77f40fbac2bdde22020bb8a536b226bb8"},
    {file = "pycryptodome-3.10.1-cp35-abi3-manylinux1_x86_64.whl", hash = "sha256:a92d5c414e8ee1249e850789052608f582416e82422502dc0ac8c577808a9067"},
    {file = "pycryptodome-3.10.1-cp35-abi3-manylinux2010_i686.whl", hash = "sha256:60386d1d4cfaad299803b45a5bc2089696eaf6cdd56f9fc17479a6f89595cfc8"},
    {file = "pycryptodome-3.10.1-cp35-abi3-manylinux2010_x86_64.whl", hash = "sha256:501ab36aae360e31d0ec370cf5ce8ace6cb4112060d099b993bc02b36ac83fb6"},
    {file = "pycryptodome-3.10.1-cp35-abi3-manylinux2014_aarch64.whl", hash = "sha256:fc7489a50323a0df02378bc2fff86eb69d94cc5639914346c736be981c6a02e7"},
    {file = "pycryptodome-3.10.1-cp35-abi3-win32.whl", hash = "sha256:9b6f711b25e01931f1c61ce0115245a23cdc8b80bf8539ac0363bdcf27d649b6"},
    {file = "pycryptodome-3.10.1-cp35-abi3-win_amd64.whl", hash = "sha256:7fd519b89585abf57bf47d90166903ec7b43af4fe23c92273ea09e6336af5c07"},
    {file = "pycryptodome-3.10.1-pp27-pypy_73-macosx_10_9_x86_64.whl", hash = "sha256:09c1555a3fa450e7eaca41ea11cd00afe7c91fef52353488e65663777d8524e0"},
    {file = "pycryptodome-3.10.1-pp27-pypy_73-manylinux1_x86_64.whl", hash = "sha256:758949ca62690b1540dfb24ad773c6da9cd0e425189e83e39c038bbd52b8e438"},
    {file = "pycryptodome-3.10.1-pp27-pypy_73-manylinux2010_x86_64.whl", hash = "sha256:e3bf558c6aeb49afa9f0c06cee7fb5947ee5a1ff3bd794b653d39926b49077fa"},
    {file = "pycryptodome-3.10.1-pp27-pypy_73-win32.whl", hash = "sha256:f977cdf725b20f6b8229b0c87acb98c7717e742ef9f46b113985303ae12a99da"},
    {file = "pycryptodome-3.10.1-pp36-pypy36_pp73-macosx_10_9_x86_64.whl", hash = "sha256:6d2df5223b12437e644ce0a3be7809471ffa71de44ccd28b02180401982594a6"},
    {file = "pycryptodome-3.10.1-pp36-pypy36_pp73-manylinux1_x86_64.whl", hash = "sha256:98213ac2b18dc1969a47bc65a79a8fca02a414249d0c8635abb081c7f38c91b6"},
    {file = "pycryptodome-3.10.1-pp36-pypy36_pp73-manylinux2010_x86_64.whl", hash = "sha256:12222a5edc9ca4a29de15fbd5339099c4c26c56e13c2ceddf0b920794f26165d"},
    {file = "pycryptodome-3.10.1-pp36-pypy36_pp73-win32.whl", hash = "sha256:6bbf7fee7b7948b29d7e71fcacf48bac0c57fb41332007061a933f2d996f9713"},
    {file = "pycryptodome-3.10.1.tar.gz", hash = "sha256:3e2e3a06580c5f190df843cdb90ea28d61099cf4924334d5297a995de68e4673"},
]
pypiwin32 = [
    {file = "pypiwin32-223-py3-none-any.whl", hash = "sha256:67adf399debc1d5d14dffc1ab5acacb800da569754fafdc576b2a039485aa775"},
    {file = "pypiwin32-223.tar.gz", hash = "sha256:71be40c1fbd28594214ecaecb58e7aa8b708eabfa0125c8a109ebd51edbd776a"},
]
pyrsistent = [
    {file = "pyrsistent-0.17.3.tar.gz", hash = "sha256:2e636185d9eb976a18a8a8e96efce62f2905fea90041958d8cc2a189756ebf3e"},
]
pywin32 = [
    {file = "pywin32-300-cp35-cp35m-win32.whl", hash = "sha256:1c204a81daed2089e55d11eefa4826c05e604d27fe2be40b6bf8db7b6a39da63"},
    {file = "pywin32-300-cp35-cp35m-win_amd64.whl", hash = "sha256:350c5644775736351b77ba68da09a39c760d75d2467ecec37bd3c36a94fbed64"},
    {file = "pywin32-300-cp36-cp36m-win32.whl", hash = "sha256:a3b4c48c852d4107e8a8ec980b76c94ce596ea66d60f7a697582ea9dce7e0db7"},
    {file = "pywin32-300-cp36-cp36m-win_amd64.whl", hash = "sha256:27a30b887afbf05a9cbb05e3ffd43104a9b71ce292f64a635389dbad0ed1cd85"},
    {file = "pywin32-300-cp37-cp37m-win32.whl", hash = "sha256:d7e8c7efc221f10d6400c19c32a031add1c4a58733298c09216f57b4fde110dc"},
    {file = "pywin32-300-cp37-cp37m-win_amd64.whl", hash = "sha256:8151e4d7a19262d6694162d6da85d99a16f8b908949797fd99c83a0bfaf5807d"},
    {file = "pywin32-300-cp38-cp38-win32.whl", hash = "sha256:fbb3b1b0fbd0b4fc2a3d1d81fe0783e30062c1abed1d17c32b7879d55858cfae"},
    {file = "pywin32-300-cp38-cp38-win_amd64.whl", hash = "sha256:60a8fa361091b2eea27f15718f8eb7f9297e8d51b54dbc4f55f3d238093d5190"},
    {file = "pywin32-300-cp39-cp39-win32.whl", hash = "sha256:638b68eea5cfc8def537e43e9554747f8dee786b090e47ead94bfdafdb0f2f50"},
    {file = "pywin32-300-cp39-cp39-win_amd64.whl", hash = "sha256:b1609ce9bd5c411b81f941b246d683d6508992093203d4eb7f278f4ed1085c3f"},
]
requests = [
    {file = "requests-2.25.1-py2.py3-none-any.whl", hash = "sha256:c210084e36a42ae6b9219e00e48287def368a26d03a048ddad7bfee44f75871e"},
    {file = "requests-2.25.1.tar.gz", hash = "sha256:27973dd4a904a4f13b263a19c866c13b92a39ed1c964655f025f3f8d3d75b804"},
]
rlp = [
    {file = "rlp-2.0.1-py2.py3-none-any.whl", hash = "sha256:52a57c9f53f03c88b189283734b397314288250cc4a3c4113e9e36e2ac6bdd16"},
    {file = "rlp-2.0.1.tar.gz", hash = "sha256:665e8312750b3fc5f7002e656d05b9dcb6e93b6063df40d95c49ad90c19d1f0e"},
]
six = [
    {file = "six-1.15.0-py2.py3-none-any.whl", hash = "sha256:8b74bedcbbbaca38ff6d7491d76f2b06b3592611af620f8426e82dddb04a5ced"},
    {file = "six-1.15.0.tar.gz", hash = "sha256:30639c035cdb23534cd4aa2dd52c3bf48f06e5f4a941509c8bafd8ce11080259"},
]
toolz = [
    {file = "toolz-0.11.1-py3-none-any.whl", hash = "sha256:1bc473acbf1a1db4e72a1ce587be347450e8f08324908b8a266b486f408f04d5"},
    {file = "toolz-0.11.1.tar.gz", hash = "sha256:c7a47921f07822fe534fb1c01c9931ab335a4390c782bd28c6bcc7c2f71f3fbf"},
]
urllib3 = [
    {file = "urllib3-1.26.3-py2.py3-none-any.whl", hash = "sha256:1b465e494e3e0d8939b50680403e3aedaa2bc434b7d5af64dfd3c958d7f5ae80"},
    {file = "urllib3-1.26.3.tar.gz", hash = "sha256:de3eedaad74a2683334e282005cd8d7f22f4d55fa690a2a1020a416cb0a47e73"},
]
varint = [
    {file = "varint-1.0.2.tar.gz", hash = "sha256:a6ecc02377ac5ee9d65a6a8ad45c9ff1dac8ccee19400a5950fb51d594214ca5"},
]
web3 = [
    {file = "web3-5.16.0-py3-none-any.whl", hash = "sha256:a194c638b2c27f16464f797ada7f1f840a8a671756ca7c1e843a3d6f7ab7b1c7"},
    {file = "web3-5.16.0.tar.gz", hash = "sha256:25a2e8b6d33616ae96c9916222d454570c84d0dc69da57e330fd319a6e699390"},
]
websockets = [
    {file = "websockets-8.1-cp36-cp36m-macosx_10_6_intel.whl", hash = "sha256:3762791ab8b38948f0c4d281c8b2ddfa99b7e510e46bd8dfa942a5fff621068c"},
    {file = "websockets-8.1-cp36-cp36m-manylinux1_i686.whl", hash = "sha256:3db87421956f1b0779a7564915875ba774295cc86e81bc671631379371af1170"},
    {file = "websockets-8.1-cp36-cp36m-manylinux1_x86_64.whl", hash = "sha256:4f9f7d28ce1d8f1295717c2c25b732c2bc0645db3215cf757551c392177d7cb8"},
    {file = "websockets-8.1-cp36-cp36m-manylinux2010_i686.whl", hash = "sha256:295359a2cc78736737dd88c343cd0747546b2174b5e1adc223824bcaf3e164cb"},
    {file = "websockets-8.1-cp36-cp36m-manylinux2010_x86_64.whl", hash = "sha256:1d3f1bf059d04a4e0eb4985a887d49195e15ebabc42364f4eb564b1d065793f5"},
    {file = "websockets-8.1-cp36-cp36m-win32.whl", hash = "sha256:2db62a9142e88535038a6bcfea70ef9447696ea77891aebb730a333a51ed559a"},
    {file = "websockets-8.1-cp36-cp36m-win_amd64.whl", hash = "sha256:0e4fb4de42701340bd2353bb2eee45314651caa6ccee80dbd5f5d5978888fed5"},
    {file = "websockets-8.1-cp37-cp37m-macosx_10_6_intel.whl", hash = "sha256:9b248ba3dd8a03b1a10b19efe7d4f7fa41d158fdaa95e2cf65af5a7b95a4f989"},
    {file = "websockets-8.1-cp37-cp37m-manylinux1_i686.whl", hash = "sha256:ce85b06a10fc65e6143518b96d3dca27b081a740bae261c2fb20375801a9d56d"},
    {file = "websockets-8.1-cp37-cp37m-manylinux1_x86_64.whl", hash = "sha256:965889d9f0e2a75edd81a07592d0ced54daa5b0785f57dc429c378edbcffe779"},
    {file = "websockets-8.1-cp37-cp37m-manylinux2010_i686.whl", hash = "sha256:751a556205d8245ff94aeef23546a1113b1dd4f6e4d102ded66c39b99c2ce6c8"},
    {file = "websockets-8.1-cp37-cp37m-manylinux2010_x86_64.whl", hash = "sha256:3ef56fcc7b1ff90de46ccd5a687bbd13a3180132268c4254fc0fa44ecf4fc422"},
    {file = "websockets-8.1-cp37-cp37m-win32.whl", hash = "sha256:7ff46d441db78241f4c6c27b3868c9ae71473fe03341340d2dfdbe8d79310acc"},
    {file = "websockets-8.1-cp37-cp37m-win_amd64.whl", hash = "sha256:20891f0dddade307ffddf593c733a3fdb6b83e6f9eef85908113e628fa5a8308"},
    {file = "websockets-8.1-cp38-cp38-macosx_10_9_x86_64.whl", hash = "sha256:c1ec8db4fac31850286b7cd3b9c0e1b944204668b8eb721674916d4e28744092"},
    {file = "websockets-8.1-cp38-cp38-manylinux1_i686.whl", hash = "sha256:5c01fd846263a75bc8a2b9542606927cfad57e7282965d96b93c387622487485"},
    {file = "websockets-8.1-cp38-cp38-manylinux1_x86_64.whl", hash = "sha256:9bef37ee224e104a413f0780e29adb3e514a5b698aabe0d969a6ba426b8435d1"},
    {file = "websockets-8.1-cp38-cp38-manylinux2010_i686.whl", hash = "sha256:d705f8aeecdf3262379644e4b55107a3b55860eb812b673b28d0fbc347a60c55"},
    {file = "websockets-8.1-cp38-cp38-manylinux2010_x86_64.whl", hash = "sha256:c8a116feafdb1f84607cb3b14aa1418424ae71fee131642fc568d21423b51824"},
    {file = "websockets-8.1-cp38-cp38-win32.whl", hash = "sha256:e898a0863421650f0bebac8ba40840fc02258ef4714cb7e1fd76b6a6354bda36"},
    {file = "websockets-8.1-cp38-cp38-win_amd64.whl", hash = "sha256:f8a7bff6e8664afc4e6c28b983845c5bc14965030e3fb98789734d416af77c4b"},
    {file = "websockets-8.1.tar.gz", hash = "sha256:5c65d2da8c6bce0fca2528f69f44b2f977e06954c8512a952222cea50dad430f"},
]
